
Microsoft Visual Studio Solution File, Format Version 12.00
# Visual Studio Version 17
VisualStudioVersion = 17.5.33516.290
MinimumVisualStudioVersion = 10.0.40219.1
Project("{8BC9CEB8-8B4A-11D0-8D11-00A0C91BC942}") = "20230904", "20230904\20230904.vcxproj", "{1590A0B6-B05F-4A6B-9D4E-E8D6424312F1}"
EndProject
Global
	GlobalSection(SolutionConfigurationPlatforms) = preSolution
		Debug|x64 = Debug|x64
		Debug|x86 = Debug|x86
		Release|x64 = Release|x64
		Release|x86 = Release|x86
	EndGlobalSection
	GlobalSection(ProjectConfigurationPlatforms) = postSolution
		{1590A0B6-B05F-4A6B-9D4E-E8D6424312F1}.Debug|x64.ActiveCfg = Debug|x64
		{1590A0B6-B05F-4A6B-9D4E-E8D6424312F1}.Debug|x64.Build.0 = Debug|x64
		{1590A0B6-B05F-4A6B-9D4E-E8D6424312F1}.Debug|x86.ActiveCfg = Debug|Win32
		{1590A0B6-B05F-4A6B-9D4E-E8D6424312F1}.Debug|x86.Build.0 = Debug|Win32
		{1590A0B6-B05F-4A6B-9D4E-E8D6424312F1}.Release|x64.ActiveCfg = Release|x64
		{1590A0B6-B05F-4A6B-9D4E-E8D6424312F1}.Release|x64.Build.0 = Release|x64
		{1590A0B6-B05F-4A6B-9D4E-E8D6424312F1}.Release|x86.ActiveCfg = Release|Win32
		{1590A0B6-B05F-4A6B-9D4E-E8D6424312F1}.Release|x86.Build.0 = Release|Win32
	EndGlobalSection
	GlobalSection(SolutionProperties) = preSolution
		HideSolutionNode = FALSE
	EndGlobalSection
	GlobalSection(ExtensibilityGlobals) = postSolution
		SolutionGuid = {700F27F5-7175-41DA-82A0-57EB73403129}
	EndGlobalSection
EndGlobal
