
Microsoft Visual Studio Solution File, Format Version 12.00
# Visual Studio Version 17
VisualStudioVersion = 17.5.33516.290
MinimumVisualStudioVersion = 10.0.40219.1
Project("{8BC9CEB8-8B4A-11D0-8D11-00A0C91BC942}") = "문자열2", "문자열2\문자열2.vcxproj", "{A1EB7C41-0E02-4B4C-AB13-6254EF384BC4}"
EndProject
Global
	GlobalSection(SolutionConfigurationPlatforms) = preSolution
		Debug|x64 = Debug|x64
		Debug|x86 = Debug|x86
		Release|x64 = Release|x64
		Release|x86 = Release|x86
	EndGlobalSection
	GlobalSection(ProjectConfigurationPlatforms) = postSolution
		{A1EB7C41-0E02-4B4C-AB13-6254EF384BC4}.Debug|x64.ActiveCfg = Debug|x64
		{A1EB7C41-0E02-4B4C-AB13-6254EF384BC4}.Debug|x64.Build.0 = Debug|x64
		{A1EB7C41-0E02-4B4C-AB13-6254EF384BC4}.Debug|x86.ActiveCfg = Debug|Win32
		{A1EB7C41-0E02-4B4C-AB13-6254EF384BC4}.Debug|x86.Build.0 = Debug|Win32
		{A1EB7C41-0E02-4B4C-AB13-6254EF384BC4}.Release|x64.ActiveCfg = Release|x64
		{A1EB7C41-0E02-4B4C-AB13-6254EF384BC4}.Release|x64.Build.0 = Release|x64
		{A1EB7C41-0E02-4B4C-AB13-6254EF384BC4}.Release|x86.ActiveCfg = Release|Win32
		{A1EB7C41-0E02-4B4C-AB13-6254EF384BC4}.Release|x86.Build.0 = Release|Win32
	EndGlobalSection
	GlobalSection(SolutionProperties) = preSolution
		HideSolutionNode = FALSE
	EndGlobalSection
	GlobalSection(ExtensibilityGlobals) = postSolution
		SolutionGuid = {FF9B1C61-B77D-41D2-ABDD-F00A3B27B047}
	EndGlobalSection
EndGlobal
